
Microsoft Visual Studio Solution File, Format Version 12.00
# Visual Studio Version 17
VisualStudioVersion = 17.12.35527.113
MinimumVisualStudioVersion = 10.0.40219.1
Project("{FAE04EC0-301F-11D3-BF4B-00C04F79EFBC}") = "ShampanTailor.Models", "ShampanDms.Models\ShampanTailor.Models.csproj", "{9EA5BE9B-B683-4C9D-8CDE-0D8497C1612C}"
EndProject
Project("{FAE04EC0-301F-11D3-BF4B-00C04F79EFBC}") = "ShampanTailor.Repo", "ShampanDms.Repo\ShampanTailor.Repo.csproj", "{3F68312C-FAC0-4901-84B6-28DFCD506712}"
	ProjectSection(ProjectDependencies) = postProject
		{9EA5BE9B-B683-4C9D-8CDE-0D8497C1612C} = {9EA5BE9B-B683-4C9D-8CDE-0D8497C1612C}
	EndProjectSection
EndProject
Project("{FAE04EC0-301F-11D3-BF4B-00C04F79EFBC}") = "ShampanTailorUI", "ShampanTailorUI\ShampanTailorUI.csproj", "{8F40B217-8468-463E-9661-E3168E1B1200}"
	ProjectSection(ProjectDependencies) = postProject
		{3F68312C-FAC0-4901-84B6-28DFCD506712} = {3F68312C-FAC0-4901-84B6-28DFCD506712}
		{9EA5BE9B-B683-4C9D-8CDE-0D8497C1612C} = {9EA5BE9B-B683-4C9D-8CDE-0D8497C1612C}
	EndProjectSection
EndProject
Global
	GlobalSection(SolutionConfigurationPlatforms) = preSolution
		Debug|Any CPU = Debug|Any CPU
		Release|Any CPU = Release|Any CPU
	EndGlobalSection
	GlobalSection(ProjectConfigurationPlatforms) = postSolution
		{9EA5BE9B-B683-4C9D-8CDE-0D8497C1612C}.Debug|Any CPU.ActiveCfg = Debug|Any CPU
		{9EA5BE9B-B683-4C9D-8CDE-0D8497C1612C}.Debug|Any CPU.Build.0 = Debug|Any CPU
		{9EA5BE9B-B683-4C9D-8CDE-0D8497C1612C}.Release|Any CPU.ActiveCfg = Release|Any CPU
		{9EA5BE9B-B683-4C9D-8CDE-0D8497C1612C}.Release|Any CPU.Build.0 = Release|Any CPU
		{3F68312C-FAC0-4901-84B6-28DFCD506712}.Debug|Any CPU.ActiveCfg = Debug|Any CPU
		{3F68312C-FAC0-4901-84B6-28DFCD506712}.Debug|Any CPU.Build.0 = Debug|Any CPU
		{3F68312C-FAC0-4901-84B6-28DFCD506712}.Release|Any CPU.ActiveCfg = Release|Any CPU
		{3F68312C-FAC0-4901-84B6-28DFCD506712}.Release|Any CPU.Build.0 = Release|Any CPU
		{8F40B217-8468-463E-9661-E3168E1B1200}.Debug|Any CPU.ActiveCfg = Debug|Any CPU
		{8F40B217-8468-463E-9661-E3168E1B1200}.Debug|Any CPU.Build.0 = Debug|Any CPU
		{8F40B217-8468-463E-9661-E3168E1B1200}.Release|Any CPU.ActiveCfg = Release|Any CPU
		{8F40B217-8468-463E-9661-E3168E1B1200}.Release|Any CPU.Build.0 = Release|Any CPU
	EndGlobalSection
	GlobalSection(SolutionProperties) = preSolution
		HideSolutionNode = FALSE
	EndGlobalSection
EndGlobal
